
Microsoft Visual Studio Solution File, Format Version 12.00
# Visual Studio Version 16
VisualStudioVersion = 16.0.29519.181
MinimumVisualStudioVersion = 10.0.40219.1
Project("{FAE04EC0-301F-11D3-BF4B-00C04F79EFBC}") = "Generate_CSVFile_UsingCSVHelper_DI", "Generate_CSVFile_UsingCSVHelper_DI\Generate_CSVFile_UsingCSVHelper_DI.csproj", "{B7DA9426-AE81-48B1-A488-EEEC7DBDE81E}"
EndProject
Global
	GlobalSection(SolutionConfigurationPlatforms) = preSolution
		Debug|Any CPU = Debug|Any CPU
		Release|Any CPU = Release|Any CPU
	EndGlobalSection
	GlobalSection(ProjectConfigurationPlatforms) = postSolution
		{B7DA9426-AE81-48B1-A488-EEEC7DBDE81E}.Debug|Any CPU.ActiveCfg = Debug|Any CPU
		{B7DA9426-AE81-48B1-A488-EEEC7DBDE81E}.Debug|Any CPU.Build.0 = Debug|Any CPU
		{B7DA9426-AE81-48B1-A488-EEEC7DBDE81E}.Release|Any CPU.ActiveCfg = Release|Any CPU
		{B7DA9426-AE81-48B1-A488-EEEC7DBDE81E}.Release|Any CPU.Build.0 = Release|Any CPU
	EndGlobalSection
	GlobalSection(SolutionProperties) = preSolution
		HideSolutionNode = FALSE
	EndGlobalSection
	GlobalSection(ExtensibilityGlobals) = postSolution
		SolutionGuid = {4CF05A0D-8A7E-4E06-9124-9341302EC4BF}
	EndGlobalSection
EndGlobal
